
Microsoft Visual Studio Solution File, Format Version 12.00
# Visual Studio Version 17
VisualStudioVersion = 17.5.002.0
MinimumVisualStudioVersion = 10.0.40219.1
Project("{9A19103F-16F7-4668-BE54-9A1E7A4F7556}") = "diziler-array-sinifi-metotlari", "diziler-array-sinifi-metotlari.csproj", "{F5937CB3-C382-4DA7-856E-3137F69A6936}"
EndProject
Global
	GlobalSection(SolutionConfigurationPlatforms) = preSolution
		Debug|Any CPU = Debug|Any CPU
		Release|Any CPU = Release|Any CPU
	EndGlobalSection
	GlobalSection(ProjectConfigurationPlatforms) = postSolution
		{F5937CB3-C382-4DA7-856E-3137F69A6936}.Debug|Any CPU.ActiveCfg = Debug|Any CPU
		{F5937CB3-C382-4DA7-856E-3137F69A6936}.Debug|Any CPU.Build.0 = Debug|Any CPU
		{F5937CB3-C382-4DA7-856E-3137F69A6936}.Release|Any CPU.ActiveCfg = Release|Any CPU
		{F5937CB3-C382-4DA7-856E-3137F69A6936}.Release|Any CPU.Build.0 = Release|Any CPU
	EndGlobalSection
	GlobalSection(SolutionProperties) = preSolution
		HideSolutionNode = FALSE
	EndGlobalSection
	GlobalSection(ExtensibilityGlobals) = postSolution
		SolutionGuid = {1AB7F2DE-FA69-4026-A3F0-6C394418B39C}
	EndGlobalSection
EndGlobal
